
Microsoft Visual Studio Solution File, Format Version 12.00
# Visual Studio Version 17
VisualStudioVersion = 17.10.34607.79
MinimumVisualStudioVersion = 10.0.40219.1
Project("{8BC9CEB8-8B4A-11D0-8D11-00A0C91BC942}") = "HelloWorld", "HelloWorld\HelloWorld\HelloWorld.vcxproj", "{99900E00-4EA7-4ECB-9A2F-6E98E1041813}"
EndProject
Project("{8BC9CEB8-8B4A-11D0-8D11-00A0C91BC942}") = "Functions", "Functions\Functions.vcxproj", "{702449D0-0836-4802-B598-A7D2F037DB32}"
EndProject
Project("{8BC9CEB8-8B4A-11D0-8D11-00A0C91BC942}") = "HeaderFiles", "HeaderFiles\HeaderFiles.vcxproj", "{D7E3E465-2A87-45DC-ABE8-DD21DB3C1801}"
EndProject
Project("{8BC9CEB8-8B4A-11D0-8D11-00A0C91BC942}") = "IfElse", "IfElse\IfElse.vcxproj", "{DA2F0396-304B-4EE9-ADCF-7DAEBE7A404F}"
EndProject
Project("{8BC9CEB8-8B4A-11D0-8D11-00A0C91BC942}") = "VsSetup", "VsSetup\VsSetup.vcxproj", "{E2A09F83-49DD-4E32-A87B-01922E16A18B}"
EndProject
Project("{8BC9CEB8-8B4A-11D0-8D11-00A0C91BC942}") = "Loops", "Loops\Loops.vcxproj", "{51553429-C5F8-4763-8AD4-BC41F1AE937F}"
EndProject
Project("{8BC9CEB8-8B4A-11D0-8D11-00A0C91BC942}") = "Pointer", "Pointer\Pointer.vcxproj", "{ADC85A21-7234-4887-BB0C-55A5EB79AA1B}"
EndProject
Project("{8BC9CEB8-8B4A-11D0-8D11-00A0C91BC942}") = "ClassInCPP", "ClassInCPP\ClassInCPP.vcxproj", "{3C85593E-3A82-4AAA-94B1-C9C4D324AEB3}"
EndProject
Project("{8BC9CEB8-8B4A-11D0-8D11-00A0C91BC942}") = "Strings", "Strings\Strings.vcxproj", "{A56FE80F-7DD8-4C61-B7A8-0B752A199052}"
EndProject
Project("{8BC9CEB8-8B4A-11D0-8D11-00A0C91BC942}") = "Const", "Const\Const.vcxproj", "{CAAC869A-3F54-46A5-A0FD-105F1B6ABF0A}"
EndProject
Project("{8BC9CEB8-8B4A-11D0-8D11-00A0C91BC942}") = "Mutable", "Mutable\Mutable.vcxproj", "{E2EEA1D3-5AF3-4366-98D4-1DA0B88A6500}"
EndProject
Project("{8BC9CEB8-8B4A-11D0-8D11-00A0C91BC942}") = "MemberLists", "MemberLists\MemberLists.vcxproj", "{2FF3682F-48AC-42C8-8025-F3A9D31FF2DB}"
EndProject
Project("{8BC9CEB8-8B4A-11D0-8D11-00A0C91BC942}") = "Heap&Stack", "Heap&Stack\Heap&Stack.vcxproj", "{7911078D-F978-4A81-9EC3-6C01CB19221C}"
EndProject
Project("{8BC9CEB8-8B4A-11D0-8D11-00A0C91BC942}") = "ImplicitConversion", "ImplicitConversion\ImplicitConversion.vcxproj", "{15E1E562-243F-4EC9-B4BC-5172013F047F}"
EndProject
Project("{8BC9CEB8-8B4A-11D0-8D11-00A0C91BC942}") = "Operators", "Operators\Operators.vcxproj", "{08973772-3F25-4B27-B8B7-A2E68F815CB2}"
EndProject
Project("{8BC9CEB8-8B4A-11D0-8D11-00A0C91BC942}") = "This", "This\This.vcxproj", "{E712AD4F-736C-4EF7-8B74-55EFA7901929}"
EndProject
Project("{8BC9CEB8-8B4A-11D0-8D11-00A0C91BC942}") = "ObjectLifetime", "ObjectLifetime\ObjectLifetime.vcxproj", "{1AE44376-913E-440D-BBB2-E964EE4C38F8}"
EndProject
Project("{8BC9CEB8-8B4A-11D0-8D11-00A0C91BC942}") = "SmartPointers", "SmartPointers\SmartPointers.vcxproj", "{13A1ECE4-9CCF-4D5E-AE22-4847F59C53A7}"
EndProject
Project("{8BC9CEB8-8B4A-11D0-8D11-00A0C91BC942}") = "CopyConstructors", "CopyConstructors\CopyConstructors.vcxproj", "{ACA7AC6B-6A70-4427-ACC1-F7C1CB467F11}"
EndProject
Project("{8BC9CEB8-8B4A-11D0-8D11-00A0C91BC942}") = "ArrowOperator", "ArrowOperator\ArrowOperator.vcxproj", "{880457A7-0069-4F47-A805-E801BF5D7136}"
EndProject
Project("{8BC9CEB8-8B4A-11D0-8D11-00A0C91BC942}") = "DynamicArrays", "DynamicLibraries\DynamicLibraries.vcxproj", "{7083DDBE-EF49-48A4-A432-F1AC27559351}"
EndProject
Project("{8BC9CEB8-8B4A-11D0-8D11-00A0C91BC942}") = "OptmizeVector", "OptmizeVector\OptmizeVector.vcxproj", "{4F47CDDB-441B-45C5-84D2-6C56C021B789}"
EndProject
Project("{8BC9CEB8-8B4A-11D0-8D11-00A0C91BC942}") = "UsingLibraries", "UsingLibraries\UsingLibraries.vcxproj", "{C437DFC1-3A02-4485-B40B-023E08E2A8AC}"
EndProject
Global
	GlobalSection(SolutionConfigurationPlatforms) = preSolution
		Debug|x64 = Debug|x64
		Debug|x86 = Debug|x86
		Release|x64 = Release|x64
		Release|x86 = Release|x86
	EndGlobalSection
	GlobalSection(ProjectConfigurationPlatforms) = postSolution
		{99900E00-4EA7-4ECB-9A2F-6E98E1041813}.Debug|x64.ActiveCfg = Debug|x64
		{99900E00-4EA7-4ECB-9A2F-6E98E1041813}.Debug|x64.Build.0 = Debug|x64
		{99900E00-4EA7-4ECB-9A2F-6E98E1041813}.Debug|x86.ActiveCfg = Debug|Win32
		{99900E00-4EA7-4ECB-9A2F-6E98E1041813}.Debug|x86.Build.0 = Debug|Win32
		{99900E00-4EA7-4ECB-9A2F-6E98E1041813}.Release|x64.ActiveCfg = Release|x64
		{99900E00-4EA7-4ECB-9A2F-6E98E1041813}.Release|x64.Build.0 = Release|x64
		{99900E00-4EA7-4ECB-9A2F-6E98E1041813}.Release|x86.ActiveCfg = Release|Win32
		{99900E00-4EA7-4ECB-9A2F-6E98E1041813}.Release|x86.Build.0 = Release|Win32
		{702449D0-0836-4802-B598-A7D2F037DB32}.Debug|x64.ActiveCfg = Debug|x64
		{702449D0-0836-4802-B598-A7D2F037DB32}.Debug|x64.Build.0 = Debug|x64
		{702449D0-0836-4802-B598-A7D2F037DB32}.Debug|x86.ActiveCfg = Debug|Win32
		{702449D0-0836-4802-B598-A7D2F037DB32}.Debug|x86.Build.0 = Debug|Win32
		{702449D0-0836-4802-B598-A7D2F037DB32}.Release|x64.ActiveCfg = Release|x64
		{702449D0-0836-4802-B598-A7D2F037DB32}.Release|x64.Build.0 = Release|x64
		{702449D0-0836-4802-B598-A7D2F037DB32}.Release|x86.ActiveCfg = Release|Win32
		{702449D0-0836-4802-B598-A7D2F037DB32}.Release|x86.Build.0 = Release|Win32
		{D7E3E465-2A87-45DC-ABE8-DD21DB3C1801}.Debug|x64.ActiveCfg = Debug|x64
		{D7E3E465-2A87-45DC-ABE8-DD21DB3C1801}.Debug|x64.Build.0 = Debug|x64
		{D7E3E465-2A87-45DC-ABE8-DD21DB3C1801}.Debug|x86.ActiveCfg = Debug|Win32
		{D7E3E465-2A87-45DC-ABE8-DD21DB3C1801}.Debug|x86.Build.0 = Debug|Win32
		{D7E3E465-2A87-45DC-ABE8-DD21DB3C1801}.Release|x64.ActiveCfg = Release|x64
		{D7E3E465-2A87-45DC-ABE8-DD21DB3C1801}.Release|x64.Build.0 = Release|x64
		{D7E3E465-2A87-45DC-ABE8-DD21DB3C1801}.Release|x86.ActiveCfg = Release|Win32
		{D7E3E465-2A87-45DC-ABE8-DD21DB3C1801}.Release|x86.Build.0 = Release|Win32
		{DA2F0396-304B-4EE9-ADCF-7DAEBE7A404F}.Debug|x64.ActiveCfg = Debug|x64
		{DA2F0396-304B-4EE9-ADCF-7DAEBE7A404F}.Debug|x64.Build.0 = Debug|x64
		{DA2F0396-304B-4EE9-ADCF-7DAEBE7A404F}.Debug|x86.ActiveCfg = Debug|Win32
		{DA2F0396-304B-4EE9-ADCF-7DAEBE7A404F}.Debug|x86.Build.0 = Debug|Win32
		{DA2F0396-304B-4EE9-ADCF-7DAEBE7A404F}.Release|x64.ActiveCfg = Release|x64
		{DA2F0396-304B-4EE9-ADCF-7DAEBE7A404F}.Release|x64.Build.0 = Release|x64
		{DA2F0396-304B-4EE9-ADCF-7DAEBE7A404F}.Release|x86.ActiveCfg = Release|Win32
		{DA2F0396-304B-4EE9-ADCF-7DAEBE7A404F}.Release|x86.Build.0 = Release|Win32
		{E2A09F83-49DD-4E32-A87B-01922E16A18B}.Debug|x64.ActiveCfg = Debug|x64
		{E2A09F83-49DD-4E32-A87B-01922E16A18B}.Debug|x64.Build.0 = Debug|x64
		{E2A09F83-49DD-4E32-A87B-01922E16A18B}.Debug|x86.ActiveCfg = Debug|Win32
		{E2A09F83-49DD-4E32-A87B-01922E16A18B}.Debug|x86.Build.0 = Debug|Win32
		{E2A09F83-49DD-4E32-A87B-01922E16A18B}.Release|x64.ActiveCfg = Release|x64
		{E2A09F83-49DD-4E32-A87B-01922E16A18B}.Release|x64.Build.0 = Release|x64
		{E2A09F83-49DD-4E32-A87B-01922E16A18B}.Release|x86.ActiveCfg = Release|Win32
		{E2A09F83-49DD-4E32-A87B-01922E16A18B}.Release|x86.Build.0 = Release|Win32
		{51553429-C5F8-4763-8AD4-BC41F1AE937F}.Debug|x64.ActiveCfg = Debug|x64
		{51553429-C5F8-4763-8AD4-BC41F1AE937F}.Debug|x64.Build.0 = Debug|x64
		{51553429-C5F8-4763-8AD4-BC41F1AE937F}.Debug|x86.ActiveCfg = Debug|Win32
		{51553429-C5F8-4763-8AD4-BC41F1AE937F}.Debug|x86.Build.0 = Debug|Win32
		{51553429-C5F8-4763-8AD4-BC41F1AE937F}.Release|x64.ActiveCfg = Release|x64
		{51553429-C5F8-4763-8AD4-BC41F1AE937F}.Release|x64.Build.0 = Release|x64
		{51553429-C5F8-4763-8AD4-BC41F1AE937F}.Release|x86.ActiveCfg = Release|Win32
		{51553429-C5F8-4763-8AD4-BC41F1AE937F}.Release|x86.Build.0 = Release|Win32
		{ADC85A21-7234-4887-BB0C-55A5EB79AA1B}.Debug|x64.ActiveCfg = Debug|x64
		{ADC85A21-7234-4887-BB0C-55A5EB79AA1B}.Debug|x64.Build.0 = Debug|x64
		{ADC85A21-7234-4887-BB0C-55A5EB79AA1B}.Debug|x86.ActiveCfg = Debug|Win32
		{ADC85A21-7234-4887-BB0C-55A5EB79AA1B}.Debug|x86.Build.0 = Debug|Win32
		{ADC85A21-7234-4887-BB0C-55A5EB79AA1B}.Release|x64.ActiveCfg = Release|x64
		{ADC85A21-7234-4887-BB0C-55A5EB79AA1B}.Release|x64.Build.0 = Release|x64
		{ADC85A21-7234-4887-BB0C-55A5EB79AA1B}.Release|x86.ActiveCfg = Release|Win32
		{ADC85A21-7234-4887-BB0C-55A5EB79AA1B}.Release|x86.Build.0 = Release|Win32
		{3C85593E-3A82-4AAA-94B1-C9C4D324AEB3}.Debug|x64.ActiveCfg = Debug|x64
		{3C85593E-3A82-4AAA-94B1-C9C4D324AEB3}.Debug|x64.Build.0 = Debug|x64
		{3C85593E-3A82-4AAA-94B1-C9C4D324AEB3}.Debug|x86.ActiveCfg = Debug|Win32
		{3C85593E-3A82-4AAA-94B1-C9C4D324AEB3}.Debug|x86.Build.0 = Debug|Win32
		{3C85593E-3A82-4AAA-94B1-C9C4D324AEB3}.Release|x64.ActiveCfg = Release|x64
		{3C85593E-3A82-4AAA-94B1-C9C4D324AEB3}.Release|x64.Build.0 = Release|x64
		{3C85593E-3A82-4AAA-94B1-C9C4D324AEB3}.Release|x86.ActiveCfg = Release|Win32
		{3C85593E-3A82-4AAA-94B1-C9C4D324AEB3}.Release|x86.Build.0 = Release|Win32
		{A56FE80F-7DD8-4C61-B7A8-0B752A199052}.Debug|x64.ActiveCfg = Debug|x64
		{A56FE80F-7DD8-4C61-B7A8-0B752A199052}.Debug|x64.Build.0 = Debug|x64
		{A56FE80F-7DD8-4C61-B7A8-0B752A199052}.Debug|x86.ActiveCfg = Debug|Win32
		{A56FE80F-7DD8-4C61-B7A8-0B752A199052}.Debug|x86.Build.0 = Debug|Win32
		{A56FE80F-7DD8-4C61-B7A8-0B752A199052}.Release|x64.ActiveCfg = Release|x64
		{A56FE80F-7DD8-4C61-B7A8-0B752A199052}.Release|x64.Build.0 = Release|x64
		{A56FE80F-7DD8-4C61-B7A8-0B752A199052}.Release|x86.ActiveCfg = Release|Win32
		{A56FE80F-7DD8-4C61-B7A8-0B752A199052}.Release|x86.Build.0 = Release|Win32
		{CAAC869A-3F54-46A5-A0FD-105F1B6ABF0A}.Debug|x64.ActiveCfg = Debug|x64
		{CAAC869A-3F54-46A5-A0FD-105F1B6ABF0A}.Debug|x64.Build.0 = Debug|x64
		{CAAC869A-3F54-46A5-A0FD-105F1B6ABF0A}.Debug|x86.ActiveCfg = Debug|Win32
		{CAAC869A-3F54-46A5-A0FD-105F1B6ABF0A}.Debug|x86.Build.0 = Debug|Win32
		{CAAC869A-3F54-46A5-A0FD-105F1B6ABF0A}.Release|x64.ActiveCfg = Release|x64
		{CAAC869A-3F54-46A5-A0FD-105F1B6ABF0A}.Release|x64.Build.0 = Release|x64
		{CAAC869A-3F54-46A5-A0FD-105F1B6ABF0A}.Release|x86.ActiveCfg = Release|Win32
		{CAAC869A-3F54-46A5-A0FD-105F1B6ABF0A}.Release|x86.Build.0 = Release|Win32
		{E2EEA1D3-5AF3-4366-98D4-1DA0B88A6500}.Debug|x64.ActiveCfg = Debug|x64
		{E2EEA1D3-5AF3-4366-98D4-1DA0B88A6500}.Debug|x64.Build.0 = Debug|x64
		{E2EEA1D3-5AF3-4366-98D4-1DA0B88A6500}.Debug|x86.ActiveCfg = Debug|Win32
		{E2EEA1D3-5AF3-4366-98D4-1DA0B88A6500}.Debug|x86.Build.0 = Debug|Win32
		{E2EEA1D3-5AF3-4366-98D4-1DA0B88A6500}.Release|x64.ActiveCfg = Release|x64
		{E2EEA1D3-5AF3-4366-98D4-1DA0B88A6500}.Release|x64.Build.0 = Release|x64
		{E2EEA1D3-5AF3-4366-98D4-1DA0B88A6500}.Release|x86.ActiveCfg = Release|Win32
		{E2EEA1D3-5AF3-4366-98D4-1DA0B88A6500}.Release|x86.Build.0 = Release|Win32
		{2FF3682F-48AC-42C8-8025-F3A9D31FF2DB}.Debug|x64.ActiveCfg = Debug|x64
		{2FF3682F-48AC-42C8-8025-F3A9D31FF2DB}.Debug|x64.Build.0 = Debug|x64
		{2FF3682F-48AC-42C8-8025-F3A9D31FF2DB}.Debug|x86.ActiveCfg = Debug|Win32
		{2FF3682F-48AC-42C8-8025-F3A9D31FF2DB}.Debug|x86.Build.0 = Debug|Win32
		{2FF3682F-48AC-42C8-8025-F3A9D31FF2DB}.Release|x64.ActiveCfg = Release|x64
		{2FF3682F-48AC-42C8-8025-F3A9D31FF2DB}.Release|x64.Build.0 = Release|x64
		{2FF3682F-48AC-42C8-8025-F3A9D31FF2DB}.Release|x86.ActiveCfg = Release|Win32
		{2FF3682F-48AC-42C8-8025-F3A9D31FF2DB}.Release|x86.Build.0 = Release|Win32
		{7911078D-F978-4A81-9EC3-6C01CB19221C}.Debug|x64.ActiveCfg = Debug|x64
		{7911078D-F978-4A81-9EC3-6C01CB19221C}.Debug|x64.Build.0 = Debug|x64
		{7911078D-F978-4A81-9EC3-6C01CB19221C}.Debug|x86.ActiveCfg = Debug|Win32
		{7911078D-F978-4A81-9EC3-6C01CB19221C}.Debug|x86.Build.0 = Debug|Win32
		{7911078D-F978-4A81-9EC3-6C01CB19221C}.Release|x64.ActiveCfg = Release|x64
		{7911078D-F978-4A81-9EC3-6C01CB19221C}.Release|x64.Build.0 = Release|x64
		{7911078D-F978-4A81-9EC3-6C01CB19221C}.Release|x86.ActiveCfg = Release|Win32
		{7911078D-F978-4A81-9EC3-6C01CB19221C}.Release|x86.Build.0 = Release|Win32
		{15E1E562-243F-4EC9-B4BC-5172013F047F}.Debug|x64.ActiveCfg = Debug|x64
		{15E1E562-243F-4EC9-B4BC-5172013F047F}.Debug|x64.Build.0 = Debug|x64
		{15E1E562-243F-4EC9-B4BC-5172013F047F}.Debug|x86.ActiveCfg = Debug|Win32
		{15E1E562-243F-4EC9-B4BC-5172013F047F}.Debug|x86.Build.0 = Debug|Win32
		{15E1E562-243F-4EC9-B4BC-5172013F047F}.Release|x64.ActiveCfg = Release|x64
		{15E1E562-243F-4EC9-B4BC-5172013F047F}.Release|x64.Build.0 = Release|x64
		{15E1E562-243F-4EC9-B4BC-5172013F047F}.Release|x86.ActiveCfg = Release|Win32
		{15E1E562-243F-4EC9-B4BC-5172013F047F}.Release|x86.Build.0 = Release|Win32
		{08973772-3F25-4B27-B8B7-A2E68F815CB2}.Debug|x64.ActiveCfg = Debug|x64
		{08973772-3F25-4B27-B8B7-A2E68F815CB2}.Debug|x64.Build.0 = Debug|x64
		{08973772-3F25-4B27-B8B7-A2E68F815CB2}.Debug|x86.ActiveCfg = Debug|Win32
		{08973772-3F25-4B27-B8B7-A2E68F815CB2}.Debug|x86.Build.0 = Debug|Win32
		{08973772-3F25-4B27-B8B7-A2E68F815CB2}.Release|x64.ActiveCfg = Release|x64
		{08973772-3F25-4B27-B8B7-A2E68F815CB2}.Release|x64.Build.0 = Release|x64
		{08973772-3F25-4B27-B8B7-A2E68F815CB2}.Release|x86.ActiveCfg = Release|Win32
		{08973772-3F25-4B27-B8B7-A2E68F815CB2}.Release|x86.Build.0 = Release|Win32
		{E712AD4F-736C-4EF7-8B74-55EFA7901929}.Debug|x64.ActiveCfg = Debug|x64
		{E712AD4F-736C-4EF7-8B74-55EFA7901929}.Debug|x64.Build.0 = Debug|x64
		{E712AD4F-736C-4EF7-8B74-55EFA7901929}.Debug|x86.ActiveCfg = Debug|Win32
		{E712AD4F-736C-4EF7-8B74-55EFA7901929}.Debug|x86.Build.0 = Debug|Win32
		{E712AD4F-736C-4EF7-8B74-55EFA7901929}.Release|x64.ActiveCfg = Release|x64
		{E712AD4F-736C-4EF7-8B74-55EFA7901929}.Release|x64.Build.0 = Release|x64
		{E712AD4F-736C-4EF7-8B74-55EFA7901929}.Release|x86.ActiveCfg = Release|Win32
		{E712AD4F-736C-4EF7-8B74-55EFA7901929}.Release|x86.Build.0 = Release|Win32
		{1AE44376-913E-440D-BBB2-E964EE4C38F8}.Debug|x64.ActiveCfg = Debug|x64
		{1AE44376-913E-440D-BBB2-E964EE4C38F8}.Debug|x64.Build.0 = Debug|x64
		{1AE44376-913E-440D-BBB2-E964EE4C38F8}.Debug|x86.ActiveCfg = Debug|Win32
		{1AE44376-913E-440D-BBB2-E964EE4C38F8}.Debug|x86.Build.0 = Debug|Win32
		{1AE44376-913E-440D-BBB2-E964EE4C38F8}.Release|x64.ActiveCfg = Release|x64
		{1AE44376-913E-440D-BBB2-E964EE4C38F8}.Release|x64.Build.0 = Release|x64
		{1AE44376-913E-440D-BBB2-E964EE4C38F8}.Release|x86.ActiveCfg = Release|Win32
		{1AE44376-913E-440D-BBB2-E964EE4C38F8}.Release|x86.Build.0 = Release|Win32
		{13A1ECE4-9CCF-4D5E-AE22-4847F59C53A7}.Debug|x64.ActiveCfg = Debug|x64
		{13A1ECE4-9CCF-4D5E-AE22-4847F59C53A7}.Debug|x64.Build.0 = Debug|x64
		{13A1ECE4-9CCF-4D5E-AE22-4847F59C53A7}.Debug|x86.ActiveCfg = Debug|Win32
		{13A1ECE4-9CCF-4D5E-AE22-4847F59C53A7}.Debug|x86.Build.0 = Debug|Win32
		{13A1ECE4-9CCF-4D5E-AE22-4847F59C53A7}.Release|x64.ActiveCfg = Release|x64
		{13A1ECE4-9CCF-4D5E-AE22-4847F59C53A7}.Release|x64.Build.0 = Release|x64
		{13A1ECE4-9CCF-4D5E-AE22-4847F59C53A7}.Release|x86.ActiveCfg = Release|Win32
		{13A1ECE4-9CCF-4D5E-AE22-4847F59C53A7}.Release|x86.Build.0 = Release|Win32
		{ACA7AC6B-6A70-4427-ACC1-F7C1CB467F11}.Debug|x64.ActiveCfg = Debug|x64
		{ACA7AC6B-6A70-4427-ACC1-F7C1CB467F11}.Debug|x64.Build.0 = Debug|x64
		{ACA7AC6B-6A70-4427-ACC1-F7C1CB467F11}.Debug|x86.ActiveCfg = Debug|Win32
		{ACA7AC6B-6A70-4427-ACC1-F7C1CB467F11}.Debug|x86.Build.0 = Debug|Win32
		{ACA7AC6B-6A70-4427-ACC1-F7C1CB467F11}.Release|x64.ActiveCfg = Release|x64
		{ACA7AC6B-6A70-4427-ACC1-F7C1CB467F11}.Release|x64.Build.0 = Release|x64
		{ACA7AC6B-6A70-4427-ACC1-F7C1CB467F11}.Release|x86.ActiveCfg = Release|Win32
		{ACA7AC6B-6A70-4427-ACC1-F7C1CB467F11}.Release|x86.Build.0 = Release|Win32
		{880457A7-0069-4F47-A805-E801BF5D7136}.Debug|x64.ActiveCfg = Debug|x64
		{880457A7-0069-4F47-A805-E801BF5D7136}.Debug|x64.Build.0 = Debug|x64
		{880457A7-0069-4F47-A805-E801BF5D7136}.Debug|x86.ActiveCfg = Debug|Win32
		{880457A7-0069-4F47-A805-E801BF5D7136}.Debug|x86.Build.0 = Debug|Win32
		{880457A7-0069-4F47-A805-E801BF5D7136}.Release|x64.ActiveCfg = Release|x64
		{880457A7-0069-4F47-A805-E801BF5D7136}.Release|x64.Build.0 = Release|x64
		{880457A7-0069-4F47-A805-E801BF5D7136}.Release|x86.ActiveCfg = Release|Win32
		{880457A7-0069-4F47-A805-E801BF5D7136}.Release|x86.Build.0 = Release|Win32
		{7083DDBE-EF49-48A4-A432-F1AC27559351}.Debug|x64.ActiveCfg = Debug|x64
		{7083DDBE-EF49-48A4-A432-F1AC27559351}.Debug|x64.Build.0 = Debug|x64
		{7083DDBE-EF49-48A4-A432-F1AC27559351}.Debug|x86.ActiveCfg = Debug|Win32
		{7083DDBE-EF49-48A4-A432-F1AC27559351}.Debug|x86.Build.0 = Debug|Win32
		{7083DDBE-EF49-48A4-A432-F1AC27559351}.Release|x64.ActiveCfg = Release|x64
		{7083DDBE-EF49-48A4-A432-F1AC27559351}.Release|x64.Build.0 = Release|x64
		{7083DDBE-EF49-48A4-A432-F1AC27559351}.Release|x86.ActiveCfg = Release|Win32
		{7083DDBE-EF49-48A4-A432-F1AC27559351}.Release|x86.Build.0 = Release|Win32
		{4F47CDDB-441B-45C5-84D2-6C56C021B789}.Debug|x64.ActiveCfg = Debug|x64
		{4F47CDDB-441B-45C5-84D2-6C56C021B789}.Debug|x64.Build.0 = Debug|x64
		{4F47CDDB-441B-45C5-84D2-6C56C021B789}.Debug|x86.ActiveCfg = Debug|Win32
		{4F47CDDB-441B-45C5-84D2-6C56C021B789}.Debug|x86.Build.0 = Debug|Win32
		{4F47CDDB-441B-45C5-84D2-6C56C021B789}.Release|x64.ActiveCfg = Release|x64
		{4F47CDDB-441B-45C5-84D2-6C56C021B789}.Release|x64.Build.0 = Release|x64
		{4F47CDDB-441B-45C5-84D2-6C56C021B789}.Release|x86.ActiveCfg = Release|Win32
		{4F47CDDB-441B-45C5-84D2-6C56C021B789}.Release|x86.Build.0 = Release|Win32
		{C437DFC1-3A02-4485-B40B-023E08E2A8AC}.Debug|x64.ActiveCfg = Debug|x64
		{C437DFC1-3A02-4485-B40B-023E08E2A8AC}.Debug|x64.Build.0 = Debug|x64
		{C437DFC1-3A02-4485-B40B-023E08E2A8AC}.Debug|x86.ActiveCfg = Debug|Win32
		{C437DFC1-3A02-4485-B40B-023E08E2A8AC}.Debug|x86.Build.0 = Debug|Win32
		{C437DFC1-3A02-4485-B40B-023E08E2A8AC}.Release|x64.ActiveCfg = Release|x64
		{C437DFC1-3A02-4485-B40B-023E08E2A8AC}.Release|x64.Build.0 = Release|x64
		{C437DFC1-3A02-4485-B40B-023E08E2A8AC}.Release|x86.ActiveCfg = Release|Win32
		{C437DFC1-3A02-4485-B40B-023E08E2A8AC}.Release|x86.Build.0 = Release|Win32
	EndGlobalSection
	GlobalSection(SolutionProperties) = preSolution
		HideSolutionNode = FALSE
	EndGlobalSection
	GlobalSection(ExtensibilityGlobals) = postSolution
		SolutionGuid = {C40A9A21-0654-4E86-AB7D-54C3F6D97066}
	EndGlobalSection
EndGlobal
